Microsoft Visual Studio Solution File, Format Version 12.00
# Visual Studio Version 17
VisualStudioVersion = 17.5.2.0
MinimumVisualStudioVersion = 10.0.40219.1
Project("{FAE04EC0-301F-11D3-BF4B-00C04F79EFBC}") = "CDriveCleaner", "CDriveCleaner.csproj", "{FFA494BA-A5D7-0F0B-9DAA-025DBEE1FA46}"
EndProject
Global
	GlobalSection(SolutionConfigurationPlatforms) = preSolution
		Debug|Any CPU = Debug|Any CPU
		Release|Any CPU = Release|Any CPU
	EndGlobalSection
	GlobalSection(ProjectConfigurationPlatforms) = postSolution
		{FFA494BA-A5D7-0F0B-9DAA-025DBEE1FA46}.Debug|Any CPU.ActiveCfg = Debug|Any CPU
		{FFA494BA-A5D7-0F0B-9DAA-025DBEE1FA46}.Debug|Any CPU.Build.0 = Debug|Any CPU
		{FFA494BA-A5D7-0F0B-9DAA-025DBEE1FA46}.Release|Any CPU.ActiveCfg = Release|Any CPU
		{FFA494BA-A5D7-0F0B-9DAA-025DBEE1FA46}.Release|Any CPU.Build.0 = Release|Any CPU
	EndGlobalSection
	GlobalSection(SolutionProperties) = preSolution
		HideSolutionNode = FALSE
	EndGlobalSection
	GlobalSection(ExtensibilityGlobals) = postSolution
		SolutionGuid = {9610BB2C-90E4-49A5-B566-BAE870A17F29}
	EndGlobalSection
EndGlobal
